
Microsoft Visual Studio Solution File, Format Version 12.00
# Visual Studio Version 17
VisualStudioVersion = 17.3.32929.385
MinimumVisualStudioVersion = 10.0.40219.1
Project("{8BC9CEB8-8B4A-11D0-8D11-00A0C91BC942}") = "Terproject", "Terproject\Terproject.vcxproj", "{7D5F764B-F055-4E92-86E2-8272F728DC36}"
EndProject
Global
	GlobalSection(SolutionConfigurationPlatforms) = preSolution
		Debug|x64 = Debug|x64
		Debug|x86 = Debug|x86
		Release|x64 = Release|x64
		Release|x86 = Release|x86
	EndGlobalSection
	GlobalSection(ProjectConfigurationPlatforms) = postSolution
		{7D5F764B-F055-4E92-86E2-8272F728DC36}.Debug|x64.ActiveCfg = Debug|x64
		{7D5F764B-F055-4E92-86E2-8272F728DC36}.Debug|x64.Build.0 = Debug|x64
		{7D5F764B-F055-4E92-86E2-8272F728DC36}.Debug|x86.ActiveCfg = Debug|Win32
		{7D5F764B-F055-4E92-86E2-8272F728DC36}.Debug|x86.Build.0 = Debug|Win32
		{7D5F764B-F055-4E92-86E2-8272F728DC36}.Release|x64.ActiveCfg = Release|x64
		{7D5F764B-F055-4E92-86E2-8272F728DC36}.Release|x64.Build.0 = Release|x64
		{7D5F764B-F055-4E92-86E2-8272F728DC36}.Release|x86.ActiveCfg = Release|Win32
		{7D5F764B-F055-4E92-86E2-8272F728DC36}.Release|x86.Build.0 = Release|Win32
	EndGlobalSection
	GlobalSection(SolutionProperties) = preSolution
		HideSolutionNode = FALSE
	EndGlobalSection
	GlobalSection(ExtensibilityGlobals) = postSolution
		SolutionGuid = {EC319E09-DDBF-45B7-9E5A-F300BFC3364C}
	EndGlobalSection
EndGlobal
